
Microsoft Visual Studio Solution File, Format Version 12.00
# Visual Studio Version 17
VisualStudioVersion = 17.10.35122.118
MinimumVisualStudioVersion = 10.0.40219.1
Project("{2150E333-8FDC-42A3-9474-1A3956D46DE8}") = "Services", "Services", "{3C9AFD15-C295-4B82-8054-4A8303669B44}"
EndProject
Project("{2150E333-8FDC-42A3-9474-1A3956D46DE8}") = "Catalog", "Catalog", "{0A50E144-942F-4277-8ECE-36BB6E89D29F}"
EndProject
Project("{9A19103F-16F7-4668-BE54-9A1E7A4F7556}") = "Catalog.API", "Services\Catalog\Catalog.Api\Catalog.API.csproj", "{424DBDEF-04D1-4BF3-B69B-2735BEC83B97}"
	ProjectSection(ProjectDependencies) = postProject
		{187C8680-CD52-4979-9B58-1F6F375C3298} = {187C8680-CD52-4979-9B58-1F6F375C3298}
	EndProjectSection
EndProject
Project("{2150E333-8FDC-42A3-9474-1A3956D46DE8}") = "BuildingBlocks", "BuildingBlocks", "{4467CC30-FB3D-4558-BBB5-67B7F57AE4D7}"
EndProject
Project("{9A19103F-16F7-4668-BE54-9A1E7A4F7556}") = "BuildingBlocks", "BuildingBlocks\BuildingBlocks\BuildingBlocks.csproj", "{136DEE73-A211-4824-A43F-7B1D9B86A859}"
EndProject
Project("{E53339B2-1760-4266-BCC7-CA923CBCF16C}") = "docker-compose", "docker-compose.dcproj", "{187C8680-CD52-4979-9B58-1F6F375C3298}"
EndProject
Project("{2150E333-8FDC-42A3-9474-1A3956D46DE8}") = "Basket", "Basket", "{E9D98BBA-F332-4ED9-BD94-890A1A6FB616}"
EndProject
Project("{9A19103F-16F7-4668-BE54-9A1E7A4F7556}") = "Basket.API", "Services\Basket\Basket.API\Basket.API.csproj", "{E1ECEE7B-F7CA-4A69-B98E-6FE396068380}"
EndProject
Project("{2150E333-8FDC-42A3-9474-1A3956D46DE8}") = "Discount", "Discount", "{42E5DAC0-7BE7-4E16-9D31-5EC9E3D7ADB5}"
EndProject
Project("{FAE04EC0-301F-11D3-BF4B-00C04F79EFBC}") = "Discount.Grpc", "Services\Discount\Discount.Grpc\Discount.Grpc.csproj", "{FB9970CC-B53F-4366-956E-E16C9A293BA5}"
EndProject
Global
	GlobalSection(SolutionConfigurationPlatforms) = preSolution
		Debug|Any CPU = Debug|Any CPU
		Release|Any CPU = Release|Any CPU
	EndGlobalSection
	GlobalSection(ProjectConfigurationPlatforms) = postSolution
		{424DBDEF-04D1-4BF3-B69B-2735BEC83B97}.Debug|Any CPU.ActiveCfg = Debug|Any CPU
		{424DBDEF-04D1-4BF3-B69B-2735BEC83B97}.Debug|Any CPU.Build.0 = Debug|Any CPU
		{424DBDEF-04D1-4BF3-B69B-2735BEC83B97}.Release|Any CPU.ActiveCfg = Release|Any CPU
		{424DBDEF-04D1-4BF3-B69B-2735BEC83B97}.Release|Any CPU.Build.0 = Release|Any CPU
		{136DEE73-A211-4824-A43F-7B1D9B86A859}.Debug|Any CPU.ActiveCfg = Debug|Any CPU
		{136DEE73-A211-4824-A43F-7B1D9B86A859}.Debug|Any CPU.Build.0 = Debug|Any CPU
		{136DEE73-A211-4824-A43F-7B1D9B86A859}.Release|Any CPU.ActiveCfg = Release|Any CPU
		{136DEE73-A211-4824-A43F-7B1D9B86A859}.Release|Any CPU.Build.0 = Release|Any CPU
		{187C8680-CD52-4979-9B58-1F6F375C3298}.Debug|Any CPU.ActiveCfg = Debug|Any CPU
		{187C8680-CD52-4979-9B58-1F6F375C3298}.Debug|Any CPU.Build.0 = Debug|Any CPU
		{187C8680-CD52-4979-9B58-1F6F375C3298}.Release|Any CPU.ActiveCfg = Release|Any CPU
		{187C8680-CD52-4979-9B58-1F6F375C3298}.Release|Any CPU.Build.0 = Release|Any CPU
		{E1ECEE7B-F7CA-4A69-B98E-6FE396068380}.Debug|Any CPU.ActiveCfg = Debug|Any CPU
		{E1ECEE7B-F7CA-4A69-B98E-6FE396068380}.Debug|Any CPU.Build.0 = Debug|Any CPU
		{E1ECEE7B-F7CA-4A69-B98E-6FE396068380}.Release|Any CPU.ActiveCfg = Release|Any CPU
		{E1ECEE7B-F7CA-4A69-B98E-6FE396068380}.Release|Any CPU.Build.0 = Release|Any CPU
		{FB9970CC-B53F-4366-956E-E16C9A293BA5}.Debug|Any CPU.ActiveCfg = Debug|Any CPU
		{FB9970CC-B53F-4366-956E-E16C9A293BA5}.Debug|Any CPU.Build.0 = Debug|Any CPU
		{FB9970CC-B53F-4366-956E-E16C9A293BA5}.Release|Any CPU.ActiveCfg = Release|Any CPU
		{FB9970CC-B53F-4366-956E-E16C9A293BA5}.Release|Any CPU.Build.0 = Release|Any CPU
	EndGlobalSection
	GlobalSection(SolutionProperties) = preSolution
		HideSolutionNode = FALSE
	EndGlobalSection
	GlobalSection(NestedProjects) = preSolution
		{0A50E144-942F-4277-8ECE-36BB6E89D29F} = {3C9AFD15-C295-4B82-8054-4A8303669B44}
		{424DBDEF-04D1-4BF3-B69B-2735BEC83B97} = {0A50E144-942F-4277-8ECE-36BB6E89D29F}
		{136DEE73-A211-4824-A43F-7B1D9B86A859} = {4467CC30-FB3D-4558-BBB5-67B7F57AE4D7}
		{E9D98BBA-F332-4ED9-BD94-890A1A6FB616} = {3C9AFD15-C295-4B82-8054-4A8303669B44}
		{E1ECEE7B-F7CA-4A69-B98E-6FE396068380} = {E9D98BBA-F332-4ED9-BD94-890A1A6FB616}
		{42E5DAC0-7BE7-4E16-9D31-5EC9E3D7ADB5} = {3C9AFD15-C295-4B82-8054-4A8303669B44}
		{FB9970CC-B53F-4366-956E-E16C9A293BA5} = {42E5DAC0-7BE7-4E16-9D31-5EC9E3D7ADB5}
	EndGlobalSection
	GlobalSection(ExtensibilityGlobals) = postSolution
		SolutionGuid = {CF1824C2-183A-45DC-86AA-D0A9C0F6AD8A}
	EndGlobalSection
EndGlobal
